
Microsoft Visual Studio Solution File, Format Version 12.00
# Visual Studio Version 17
VisualStudioVersion = 17.6.33723.286
MinimumVisualStudioVersion = 10.0.40219.1
Project("{9A19103F-16F7-4668-BE54-9A1E7A4F7556}") = "TrackerLibrary", "TrackerLibrary\TrackerLibrary.csproj", "{F302F85F-65C1-4828-B09E-26F2D2E986F2}"
EndProject
Project("{FAE04EC0-301F-11D3-BF4B-00C04F79EFBC}") = "TrackerUI", "TrackerUI\TrackerUI.csproj", "{6C062CAB-182D-45DC-A786-ED5A08F78448}"
EndProject
Global
	GlobalSection(SolutionConfigurationPlatforms) = preSolution
		Debug|Any CPU = Debug|Any CPU
		Release|Any CPU = Release|Any CPU
	EndGlobalSection
	GlobalSection(ProjectConfigurationPlatforms) = postSolution
		{F302F85F-65C1-4828-B09E-26F2D2E986F2}.Debug|Any CPU.ActiveCfg = Debug|Any CPU
		{F302F85F-65C1-4828-B09E-26F2D2E986F2}.Debug|Any CPU.Build.0 = Debug|Any CPU
		{F302F85F-65C1-4828-B09E-26F2D2E986F2}.Release|Any CPU.ActiveCfg = Release|Any CPU
		{F302F85F-65C1-4828-B09E-26F2D2E986F2}.Release|Any CPU.Build.0 = Release|Any CPU
		{6C062CAB-182D-45DC-A786-ED5A08F78448}.Debug|Any CPU.ActiveCfg = Debug|Any CPU
		{6C062CAB-182D-45DC-A786-ED5A08F78448}.Debug|Any CPU.Build.0 = Debug|Any CPU
		{6C062CAB-182D-45DC-A786-ED5A08F78448}.Release|Any CPU.ActiveCfg = Release|Any CPU
		{6C062CAB-182D-45DC-A786-ED5A08F78448}.Release|Any CPU.Build.0 = Release|Any CPU
	EndGlobalSection
	GlobalSection(SolutionProperties) = preSolution
		HideSolutionNode = FALSE
	EndGlobalSection
	GlobalSection(ExtensibilityGlobals) = postSolution
		SolutionGuid = {04607DDA-DFD8-4DE0-AFDC-2836A30BBE14}
	EndGlobalSection
EndGlobal
